// !$*UTF8*$!
{
	archiveVersion = 1;
	classes = {
	};
	objectVersion = 55;
	objects = {

/* Begin PBXBuildFile section */
		22D6227827AC383400955D74 /* AppDelegate.swift in Sources */ = {isa = PBXBuildFile; fileRef = 22D6227727AC383400955D74 /* AppDelegate.swift */; };
		22D6227A27AC383400955D74 /* SceneDelegate.swift in Sources */ = {isa = PBXBuildFile; fileRef = 22D6227927AC383400955D74 /* SceneDelegate.swift */; };
		22D6227C27AC383400955D74 /* HomeViewController.swift in Sources */ = {isa = PBXBuildFile; fileRef = 22D6227B27AC383400955D74 /* HomeViewController.swift */; };
		22D6227F27AC383400955D74 /* Main.storyboard in Resources */ = {isa = PBXBuildFile; fileRef = 22D6227D27AC383400955D74 /* Main.storyboard */; };
		22D6228127AC383800955D74 /* Assets.xcassets in Resources */ = {isa = PBXBuildFile; fileRef = 22D6228027AC383800955D74 /* Assets.xcassets */; };
		22D6228427AC383800955D74 /* LaunchScreen.storyboard in Resources */ = {isa = PBXBuildFile; fileRef = 22D6228227AC383800955D74 /* LaunchScreen.storyboard */; };
		22D6229127AC41BF00955D74 /* ExploreViewController.swift in Sources */ = {isa = PBXBuildFile; fileRef = 22D6229027AC41BE00955D74 /* ExploreViewController.swift */; };
		22D6229327AC41FF00955D74 /* CameraViewController.swift in Sources */ = {isa = PBXBuildFile; fileRef = 22D6229227AC41FF00955D74 /* CameraViewController.swift */; };
		22D6229527AC424100955D74 /* NotificationViewController.swift in Sources */ = {isa = PBXBuildFile; fileRef = 22D6229427AC424100955D74 /* NotificationViewController.swift */; };
		22D6229727AC425800955D74 /* ProfileViewController.swift in Sources */ = {isa = PBXBuildFile; fileRef = 22D6229627AC425800955D74 /* ProfileViewController.swift */; };
/* End PBXBuildFile section */

/* Begin PBXFileReference section */
		22D6227427AC383400955D74 /* Insta-Planner.app */ = {isa = PBXFileReference; explicitFileType = wrapper.application; includeInIndex = 0; path = "Insta-Planner.app"; sourceTree = BUILT_PRODUCTS_DIR; };
		22D6227727AC383400955D74 /* AppDelegate.swift */ = {isa = PBXFileReference; lastKnownFileType = sourcecode.swift; path = AppDelegate.swift; sourceTree = "<group>"; };
		22D6227927AC383400955D74 /* SceneDelegate.swift */ = {isa = PBXFileReference; lastKnownFileType = sourcecode.swift; path = SceneDelegate.swift; sourceTree = "<group>"; };
		22D6227B27AC383400955D74 /* HomeViewController.swift */ = {isa = PBXFileReference; lastKnownFileType = sourcecode.swift; path = HomeViewController.swift; sourceTree = "<group>"; };
		22D6227E27AC383400955D74 /* Base */ = {isa = PBXFileReference; lastKnownFileType = file.storyboard; name = Base; path = Base.lproj/Main.storyboard; sourceTree = "<group>"; };
		22D6228027AC383800955D74 /* Assets.xcassets */ = {isa = PBXFileReference; lastKnownFileType = folder.assetcatalog; path = Assets.xcassets; sourceTree = "<group>"; };
		22D6228327AC383800955D74 /* Base */ = {isa = PBXFileReference; lastKnownFileType = file.storyboard; name = Base; path = Base.lproj/LaunchScreen.storyboard; sourceTree = "<group>"; };
		22D6228527AC383800955D74 /* Info.plist */ = {isa = PBXFileReference; lastKnownFileType = text.plist.xml; path = Info.plist; sourceTree = "<group>"; };
		22D6229027AC41BE00955D74 /* ExploreViewController.swift */ = {isa = PBXFileReference; lastKnownFileType = sourcecode.swift; path = ExploreViewController.swift; sourceTree = "<group>"; };
		22D6229227AC41FF00955D74 /* CameraViewController.swift */ = {isa = PBXFileReference; lastKnownFileType = sourcecode.swift; path = CameraViewController.swift; sourceTree = "<group>"; };
		22D6229427AC424100955D74 /* NotificationViewController.swift */ = {isa = PBXFileReference; lastKnownFileType = sourcecode.swift; path = NotificationViewController.swift; sourceTree = "<group>"; };
		22D6229627AC425800955D74 /* ProfileViewController.swift */ = {isa = PBXFileReference; lastKnownFileType = sourcecode.swift; path = ProfileViewController.swift; sourceTree = "<group>"; };
/* End PBXFileReference section */

/* Begin PBXFrameworksBuildPhase section */
		22D6227127AC383400955D74 /* Frameworks */ = {
			isa = PBXFrameworksBuildPhase;
			buildActionMask = 2147483647;
			files = (
			);
			runOnlyForDeploymentPostprocessing = 0;
		};
/* End PBXFrameworksBuildPhase section */

/* Begin PBXGroup section */
		22D6226B27AC383300955D74 = {
			isa = PBXGroup;
			children = (
				22D6227627AC383400955D74 /* Insta-Planner */,
				22D6227527AC383400955D74 /* Products */,
			);
			sourceTree = "<group>";
		};
		22D6227527AC383400955D74 /* Products */ = {
			isa = PBXGroup;
			children = (
				22D6227427AC383400955D74 /* Insta-Planner.app */,
			);
			name = Products;
			sourceTree = "<group>";
		};
		22D6227627AC383400955D74 /* Insta-Planner */ = {
			isa = PBXGroup;
			children = (
				22D6228E27AC38DA00955D74 /* Resources */,
				22D6228D27AC38B600955D74 /* Models */,
				22D6228C27AC38AE00955D74 /* Views */,
				22D6228B27AC38A300955D74 /* Controllers */,
				22D6228527AC383800955D74 /* Info.plist */,
			);
			path = "Insta-Planner";
			sourceTree = "<group>";
		};
		22D6228B27AC38A300955D74 /* Controllers */ = {
			isa = PBXGroup;
			children = (
				22D6229827AC427800955D74 /* Core Tabs */,
			);
			path = Controllers;
			sourceTree = "<group>";
		};
		22D6228C27AC38AE00955D74 /* Views */ = {
			isa = PBXGroup;
			children = (
				22D6228027AC383800955D74 /* Assets.xcassets */,
				22D6228F27AC393C00955D74 /* Storyboards */,
			);
			path = Views;
			sourceTree = "<group>";
		};
		22D6228D27AC38B600955D74 /* Models */ = {
			isa = PBXGroup;
			children = (
			);
			path = Models;
			sourceTree = "<group>";
		};
		22D6228E27AC38DA00955D74 /* Resources */ = {
			isa = PBXGroup;
			children = (
				22D6227727AC383400955D74 /* AppDelegate.swift */,
				22D6227927AC383400955D74 /* SceneDelegate.swift */,
			);
			path = Resources;
			sourceTree = "<group>";
		};
		22D6228F27AC393C00955D74 /* Storyboards */ = {
			isa = PBXGroup;
			children = (
				22D6228227AC383800955D74 /* LaunchScreen.storyboard */,
				22D6227D27AC383400955D74 /* Main.storyboard */,
			);
			path = Storyboards;
			sourceTree = "<group>";
		};
		22D6229827AC427800955D74 /* Core Tabs */ = {
			isa = PBXGroup;
			children = (
				22D6227B27AC383400955D74 /* HomeViewController.swift */,
				22D6229027AC41BE00955D74 /* ExploreViewController.swift */,
				22D6229227AC41FF00955D74 /* CameraViewController.swift */,
				22D6229427AC424100955D74 /* NotificationViewController.swift */,
				22D6229627AC425800955D74 /* ProfileViewController.swift */,
			);
			path = "Core Tabs";
			sourceTree = "<group>";
		};
/* End PBXGroup section */

/* Begin PBXNativeTarget section */
		22D6227327AC383400955D74 /* Insta-Planner */ = {
			isa = PBXNativeTarget;
			buildConfigurationList = 22D6228827AC383800955D74 /* Build configuration list for PBXNativeTarget "Insta-Planner" */;
			buildPhases = (
				22D6227027AC383400955D74 /* Sources */,
				22D6227127AC383400955D74 /* Frameworks */,
				22D6227227AC383400955D74 /* Resources */,
			);
			buildRules = (
			);
			dependencies = (
			);
			name = "Insta-Planner";
			productName = "Insta-Planner";
			productReference = 22D6227427AC383400955D74 /* Insta-Planner.app */;
			productType = "com.apple.product-type.application";
		};
/* End PBXNativeTarget section */

/* Begin PBXProject section */
		22D6226C27AC383400955D74 /* Project object */ = {
			isa = PBXProject;
			attributes = {
				BuildIndependentTargetsInParallel = 1;
				LastSwiftUpdateCheck = 1310;
				LastUpgradeCheck = 1310;
				TargetAttributes = {
					22D6227327AC383400955D74 = {
						CreatedOnToolsVersion = 13.1;
					};
				};
			};
			buildConfigurationList = 22D6226F27AC383400955D74 /* Build configuration list for PBXProject "Insta-Planner" */;
			compatibilityVersion = "Xcode 13.0";
			developmentRegion = en;
			hasScannedForEncodings = 0;
			knownRegions = (
				en,
				Base,
			);
			mainGroup = 22D6226B27AC383300955D74;
			productRefGroup = 22D6227527AC383400955D74 /* Products */;
			projectDirPath = "";
			projectRoot = "";
			targets = (
				22D6227327AC383400955D74 /* Insta-Planner */,
			);
		};
/* End PBXProject section */

/* Begin PBXResourcesBuildPhase section */
		22D6227227AC383400955D74 /* Resources */ = {
			isa = PBXResourcesBuildPhase;
			buildActionMask = 2147483647;
			files = (
				22D6228427AC383800955D74 /* LaunchScreen.storyboard in Resources */,
				22D6228127AC383800955D74 /* Assets.xcassets in Resources */,
				22D6227F27AC383400955D74 /* Main.storyboard in Resources */,
			);
			runOnlyForDeploymentPostprocessing = 0;
		};
/* End PBXResourcesBuildPhase section */

/* Begin PBXSourcesBuildPhase section */
		22D6227027AC383400955D74 /* Sources */ = {
			isa = PBXSourcesBuildPhase;
			buildActionMask = 2147483647;
			files = (
				22D6229127AC41BF00955D74 /* ExploreViewController.swift in Sources */,
				22D6227C27AC383400955D74 /* HomeViewController.swift in Sources */,
				22D6229527AC424100955D74 /* NotificationViewController.swift in Sources */,
				22D6227827AC383400955D74 /* AppDelegate.swift in Sources */,
				22D6229727AC425800955D74 /* ProfileViewController.swift in Sources */,
				22D6227A27AC383400955D74 /* SceneDelegate.swift in Sources */,
				22D6229327AC41FF00955D74 /* CameraViewController.swift in Sources */,
			);
			runOnlyForDeploymentPostprocessing = 0;
		};
/* End PBXSourcesBuildPhase section */

/* Begin PBXVariantGroup section */
		22D6227D27AC383400955D74 /* Main.storyboard */ = {
			isa = PBXVariantGroup;
			children = (
				22D6227E27AC383400955D74 /* Base */,
			);
			name = Main.storyboard;
			sourceTree = "<group>";
		};
		22D6228227AC383800955D74 /* LaunchScreen.storyboard */ = {
			isa = PBXVariantGroup;
			children = (
				22D6228327AC383800955D74 /* Base */,
			);
			name = LaunchScreen.storyboard;
			sourceTree = "<group>";
		};
/* End PBXVariantGroup section */

/* Begin XCBuildConfiguration section */
		22D6228627AC383800955D74 /* Debug */ = {
			isa = XCBuildConfiguration;
			buildSettings = {
				ALWAYS_SEARCH_USER_PATHS = NO;
				CLANG_ANALYZER_NONNULL = YES;
				CLANG_ANALYZER_NUMBER_OBJECT_CONVERSION = YES_AGGRESSIVE;
				CLANG_CXX_LANGUAGE_STANDARD = "gnu++17";
				CLANG_CXX_LIBRARY = "libc++";
				CLANG_ENABLE_MODULES = YES;
				CLANG_ENABLE_OBJC_ARC = YES;
				CLANG_ENABLE_OBJC_WEAK = YES;
				CLANG_WARN_BLOCK_CAPTURE_AUTORELEASING = YES;
				CLANG_WARN_BOOL_CONVERSION = YES;
				CLANG_WARN_COMMA = YES;
				CLANG_WARN_CONSTANT_CONVERSION = YES;
				CLANG_WARN_DEPRECATED_OBJC_IMPLEMENTATIONS = YES;
				CLANG_WARN_DIRECT_OBJC_ISA_USAGE = YES_ERROR;
				CLANG_WARN_DOCUMENTATION_COMMENTS = YES;
				CLANG_WARN_EMPTY_BODY = YES;
				CLANG_WARN_ENUM_CONVERSION = YES;
				CLANG_WARN_INFINITE_RECURSION = YES;
				CLANG_WARN_INT_CONVERSION = YES;
				CLANG_WARN_NON_LITERAL_NULL_CONVERSION = YES;
				CLANG_WARN_OBJC_IMPLICIT_RETAIN_SELF = YES;
				CLANG_WARN_OBJC_LITERAL_CONVERSION = YES;
				CLANG_WARN_OBJC_ROOT_CLASS = YES_ERROR;
				CLANG_WARN_QUOTED_INCLUDE_IN_FRAMEWORK_HEADER = YES;
				CLANG_WARN_RANGE_LOOP_ANALYSIS = YES;
				CLANG_WARN_STRICT_PROTOTYPES = YES;
				CLANG_WARN_SUSPICIOUS_MOVE = YES;
				CLANG_WARN_UNGUARDED_AVAILABILITY = YES_AGGRESSIVE;
				CLANG_WARN_UNREACHABLE_CODE = YES;
				CLANG_WARN__DUPLICATE_METHOD_MATCH = YES;
				COPY_PHASE_STRIP = NO;
				DEBUG_INFORMATION_FORMAT = dwarf;
				ENABLE_STRICT_OBJC_MSGSEND = YES;
				ENABLE_TESTABILITY = YES;
				GCC_C_LANGUAGE_STANDARD = gnu11;
				GCC_DYNAMIC_NO_PIC = NO;
				GCC_NO_COMMON_BLOCKS = YES;
				GCC_OPTIMIZATION_LEVEL = 0;
				GCC_PREPROCESSOR_DEFINITIONS = (
					"DEBUG=1",
					"$(inherited)",
				);
				GCC_WARN_64_TO_32_BIT_CONVERSION = YES;
				GCC_WARN_ABOUT_RETURN_TYPE = YES_ERROR;
				GCC_WARN_UNDECLARED_SELECTOR = YES;
				GCC_WARN_UNINITIALIZED_AUTOS = YES_AGGRESSIVE;
				GCC_WARN_UNUSED_FUNCTION = YES;
				GCC_WARN_UNUSED_VARIABLE = YES;
				IPHONEOS_DEPLOYMENT_TARGET = 15.0;
				MTL_ENABLE_DEBUG_INFO = INCLUDE_SOURCE;
				MTL_FAST_MATH = YES;
				ONLY_ACTIVE_ARCH = YES;
				SDKROOT = iphoneos;
				SWIFT_ACTIVE_COMPILATION_CONDITIONS = DEBUG;
				SWIFT_OPTIMIZATION_LEVEL = "-Onone";
			};
			name = Debug;
		};
		22D6228727AC383800955D74 /* Release */ = {
			isa = XCBuildConfiguration;
			buildSettings = {
				ALWAYS_SEARCH_USER_PATHS = NO;
				CLANG_ANALYZER_NONNULL = YES;
				CLANG_ANALYZER_NUMBER_OBJECT_CONVERSION = YES_AGGRESSIVE;
				CLANG_CXX_LANGUAGE_STANDARD = "gnu++17";
				CLANG_CXX_LIBRARY = "libc++";
				CLANG_ENABLE_MODULES = YES;
				CLANG_ENABLE_OBJC_ARC = YES;
				CLANG_ENABLE_OBJC_WEAK = YES;
				CLANG_WARN_BLOCK_CAPTURE_AUTORELEASING = YES;
				CLANG_WARN_BOOL_CONVERSION = YES;
				CLANG_WARN_COMMA = YES;
				CLANG_WARN_CONSTANT_CONVERSION = YES;
				CLANG_WARN_DEPRECATED_OBJC_IMPLEMENTATIONS = YES;
				CLANG_WARN_DIRECT_OBJC_ISA_USAGE = YES_ERROR;
				CLANG_WARN_DOCUMENTATION_COMMENTS = YES;
				CLANG_WARN_EMPTY_BODY = YES;
				CLANG_WARN_ENUM_CONVERSION = YES;
				CLANG_WARN_INFINITE_RECURSION = YES;
				CLANG_WARN_INT_CONVERSION = YES;
				CLANG_WARN_NON_LITERAL_NULL_CONVERSION = YES;
				CLANG_WARN_OBJC_IMPLICIT_RETAIN_SELF = YES;
				CLANG_WARN_OBJC_LITERAL_CONVERSION = YES;
				CLANG_WARN_OBJC_ROOT_CLASS = YES_ERROR;
				CLANG_WARN_QUOTED_INCLUDE_IN_FRAMEWORK_HEADER = YES;
				CLANG_WARN_RANGE_LOOP_ANALYSIS = YES;
				CLANG_WARN_STRICT_PROTOTYPES = YES;
				CLANG_WARN_SUSPICIOUS_MOVE = YES;
				CLANG_WARN_UNGUARDED_AVAILABILITY = YES_AGGRESSIVE;
				CLANG_WARN_UNREACHABLE_CODE = YES;
				CLANG_WARN__DUPLICATE_METHOD_MATCH = YES;
				COPY_PHASE_STRIP = NO;
				DEBUG_INFORMATION_FORMAT = "dwarf-with-dsym";
				ENABLE_NS_ASSERTIONS = NO;
				ENABLE_STRICT_OBJC_MSGSEND = YES;
				GCC_C_LANGUAGE_STANDARD = gnu11;
				GCC_NO_COMMON_BLOCKS = YES;
				GCC_WARN_64_TO_32_BIT_CONVERSION = YES;
				GCC_WARN_ABOUT_RETURN_TYPE = YES_ERROR;
				GCC_WARN_UNDECLARED_SELECTOR = YES;
				GCC_WARN_UNINITIALIZED_AUTOS = YES_AGGRESSIVE;
				GCC_WARN_UNUSED_FUNCTION = YES;
				GCC_WARN_UNUSED_VARIABLE = YES;
				IPHONEOS_DEPLOYMENT_TARGET = 15.0;
				MTL_ENABLE_DEBUG_INFO = NO;
				MTL_FAST_MATH = YES;
				SDKROOT = iphoneos;
				SWIFT_COMPILATION_MODE = wholemodule;
				SWIFT_OPTIMIZATION_LEVEL = "-O";
				VALIDATE_PRODUCT = YES;
			};
			name = Release;
		};
		22D6228927AC383800955D74 /* Debug */ = {
			isa = XCBuildConfiguration;
			buildSettings = {
				ASSETCATALOG_COMPILER_APPICON_NAME = AppIcon;
				ASSETCATALOG_COMPILER_GLOBAL_ACCENT_COLOR_NAME = AccentColor;
				CODE_SIGN_STYLE = Automatic;
				CURRENT_PROJECT_VERSION = 1;
				DEVELOPMENT_TEAM = PBTF8UV5WF;
				GENERATE_INFOPLIST_FILE = YES;
				INFOPLIST_FILE = "Insta-Planner/Info.plist";
				INFOPLIST_KEY_UIApplicationSupportsIndirectInputEvents = YES;
				INFOPLIST_KEY_UILaunchStoryboardName = LaunchScreen;
				INFOPLIST_KEY_UIMainStoryboardFile = Main;
				INFOPLIST_KEY_UISupportedInterfaceOrientations = "UIInterfaceOrientationPortrait UIInterfaceOrientationPortraitUpsideDown";
				INFOPLIST_KEY_UISupportedInterfaceOrientations_iPad = "UIInterfaceOrientationPortrait UIInterfaceOrientationPortraitUpsideDown UIInterfaceOrientationLandscapeLeft UIInterfaceOrientationLandscapeRight";
				INFOPLIST_KEY_UISupportedInterfaceOrientations_iPhone = "UIInterfaceOrientationPortrait UIInterfaceOrientationLandscapeLeft UIInterfaceOrientationLandscapeRight";
				LD_RUNPATH_SEARCH_PATHS = (
					"$(inherited)",
					"@executable_path/Frameworks",
				);
				MARKETING_VERSION = 1.0;
				PRODUCT_BUNDLE_IDENTIFIER = "com.insta-planner.Insta-Planner";
				PRODUCT_NAME = "$(TARGET_NAME)";
				SWIFT_EMIT_LOC_STRINGS = YES;
				SWIFT_VERSION = 5.0;
				TARGETED_DEVICE_FAMILY = "1,2";
			};
			name = Debug;
		};
		22D6228A27AC383800955D74 /* Release */ = {
			isa = XCBuildConfiguration;
			buildSettings = {
				ASSETCATALOG_COMPILER_APPICON_NAME = AppIcon;
				ASSETCATALOG_COMPILER_GLOBAL_ACCENT_COLOR_NAME = AccentColor;
				CODE_SIGN_STYLE = Automatic;
				CURRENT_PROJECT_VERSION = 1;
				DEVELOPMENT_TEAM = PBTF8UV5WF;
				GENERATE_INFOPLIST_FILE = YES;
				INFOPLIST_FILE = "Insta-Planner/Info.plist";
				INFOPLIST_KEY_UIApplicationSupportsIndirectInputEvents = YES;
				INFOPLIST_KEY_UILaunchStoryboardName = LaunchScreen;
				INFOPLIST_KEY_UIMainStoryboardFile = Main;
				INFOPLIST_KEY_UISupportedInterfaceOrientations = "UIInterfaceOrientationPortrait UIInterfaceOrientationPortraitUpsideDown";
				INFOPLIST_KEY_UISupportedInterfaceOrientations_iPad = "UIInterfaceOrientationPortrait UIInterfaceOrientationPortraitUpsideDown UIInterfaceOrientationLandscapeLeft UIInterfaceOrientationLandscapeRight";
				INFOPLIST_KEY_UISupportedInterfaceOrientations_iPhone = "UIInterfaceOrientationPortrait UIInterfaceOrientationLandscapeLeft UIInterfaceOrientationLandscapeRight";
				LD_RUNPATH_SEARCH_PATHS = (
					"$(inherited)",
					"@executable_path/Frameworks",
				);
				MARKETING_VERSION = 1.0;
				PRODUCT_BUNDLE_IDENTIFIER = "com.insta-planner.Insta-Planner";
				PRODUCT_NAME = "$(TARGET_NAME)";
				SWIFT_EMIT_LOC_STRINGS = YES;
				SWIFT_VERSION = 5.0;
				TARGETED_DEVICE_FAMILY = "1,2";
			};
			name = Release;
		};
/* End XCBuildConfiguration section */

/* Begin XCConfigurationList section */
		22D6226F27AC383400955D74 /* Build configuration list for PBXProject "Insta-Planner" */ = {
			isa = XCConfigurationList;
			buildConfigurations = (
				22D6228627AC383800955D74 /* Debug */,
				22D6228727AC383800955D74 /* Release */,
			);
			defaultConfigurationIsVisible = 0;
			defaultConfigurationName = Release;
		};
		22D6228827AC383800955D74 /* Build configuration list for PBXNativeTarget "Insta-Planner" */ = {
			isa = XCConfigurationList;
			buildConfigurations = (
				22D6228927AC383800955D74 /* Debug */,
				22D6228A27AC383800955D74 /* Release */,
			);
			defaultConfigurationIsVisible = 0;
			defaultConfigurationName = Release;
		};
/* End XCConfigurationList section */
	};
	rootObject = 22D6226C27AC383400955D74 /* Project object */;
}
